
Microsoft Visual Studio Solution File, Format Version 12.00
# Visual Studio 15
VisualStudioVersion = 15.0.28307.168
MinimumVisualStudioVersion = 10.0.40219.1
Project("{FAE04EC0-301F-11D3-BF4B-00C04F79EFBC}") = "ParcialPav", "ParcialPav\ParcialPav.csproj", "{DCEC56DB-DE22-4DDB-9A4D-53EC47F34DC0}"
EndProject
Global
	GlobalSection(SolutionConfigurationPlatforms) = preSolution
		Debug|Any CPU = Debug|Any CPU
		Release|Any CPU = Release|Any CPU
	EndGlobalSection
	GlobalSection(ProjectConfigurationPlatforms) = postSolution
		{DCEC56DB-DE22-4DDB-9A4D-53EC47F34DC0}.Debug|Any CPU.ActiveCfg = Debug|Any CPU
		{DCEC56DB-DE22-4DDB-9A4D-53EC47F34DC0}.Debug|Any CPU.Build.0 = Debug|Any CPU
		{DCEC56DB-DE22-4DDB-9A4D-53EC47F34DC0}.Release|Any CPU.ActiveCfg = Release|Any CPU
		{DCEC56DB-DE22-4DDB-9A4D-53EC47F34DC0}.Release|Any CPU.Build.0 = Release|Any CPU
	EndGlobalSection
	GlobalSection(SolutionProperties) = preSolution
		HideSolutionNode = FALSE
	EndGlobalSection
	GlobalSection(ExtensibilityGlobals) = postSolution
		SolutionGuid = {305387BF-8381-40DE-8B82-1873D9F6F2DF}
	EndGlobalSection
EndGlobal
